
Microsoft Visual Studio Solution File, Format Version 12.00
# Visual Studio Version 17
VisualStudioVersion = 17.1.32210.238
MinimumVisualStudioVersion = 10.0.40219.1
Project("{2150E333-8FDC-42A3-9474-1A3956D46DE8}") = "Solution Items", "Solution Items", "{93F16C0B-95EE-4A9C-9506-218A36222622}"
	ProjectSection(SolutionItems) = preProject
		.editorconfig = .editorconfig
		Todo.txt = Todo.txt
	EndProjectSection
EndProject
Project("{9A19103F-16F7-4668-BE54-9A1E7A4F7556}") = "WhatsYourIdea.Core", "WhatsYourIdea.Core\WhatsYourIdea.Core.csproj", "{C6CBB003-AE6A-47E5-A62A-A9814B48F1AC}"
EndProject
Project("{9A19103F-16F7-4668-BE54-9A1E7A4F7556}") = "WhatsYourIdea.Applications.Services", "WhatsYourIdea.Application\WhatsYourIdea.Applications.Services.csproj", "{C699EC81-2B3A-4EE1-AA4C-42196AA8F468}"
	ProjectSection(ProjectDependencies) = postProject
		{23744F74-779C-4DEB-B8F1-AF92DA5EB58A} = {23744F74-779C-4DEB-B8F1-AF92DA5EB58A}
	EndProjectSection
EndProject
Project("{9A19103F-16F7-4668-BE54-9A1E7A4F7556}") = "WhatsYourIdea.Infrastructure", "WhatsYourIdea.Infrastructure\WhatsYourIdea.Infrastructure.csproj", "{23744F74-779C-4DEB-B8F1-AF92DA5EB58A}"
EndProject
Project("{2150E333-8FDC-42A3-9474-1A3956D46DE8}") = "Extenshions", "Extenshions", "{DACFF631-F6E2-495D-BF85-630F260C0288}"
EndProject
Project("{9A19103F-16F7-4668-BE54-9A1E7A4F7556}") = "WhatsYourIdea.Infrastructure.Extenshions", "WhatsYourIdea.Infrastructure.Extenshions\WhatsYourIdea.Infrastructure.Extenshions.csproj", "{E87B6783-CDF3-417C-864D-370CA029A0BD}"
EndProject
Project("{9A19103F-16F7-4668-BE54-9A1E7A4F7556}") = "WhatsYourIdea.Application.Extensions", "WhatsYourIdea.Application.Extenshion\WhatsYourIdea.Application.Extensions.csproj", "{80F6AEC7-AEE2-4318-A760-E5196F9F4D42}"
EndProject
Project("{9A19103F-16F7-4668-BE54-9A1E7A4F7556}") = "WhatsYourIdea.Web", "WhatsYourIdea.Web\WhatsYourIdea.Web.csproj", "{423133EC-22F7-4236-AA9B-5FF431805A01}"
EndProject
Project("{9A19103F-16F7-4668-BE54-9A1E7A4F7556}") = "WhatsYourIdea.Applications.Auth", "WhatsYourIdea.Applications.Auth\WhatsYourIdea.Applications.Auth.csproj", "{691F5BA0-3E67-4B65-8CD9-E6D940458A22}"
EndProject
Project("{9A19103F-16F7-4668-BE54-9A1E7A4F7556}") = "WhatsYourIdea.Applications.DTO", "WhatsYourIdea.Applications.DTO\WhatsYourIdea.Applications.DTO.csproj", "{C90DDC62-31EF-4C22-87B0-F146247FBCB6}"
EndProject
Project("{9A19103F-16F7-4668-BE54-9A1E7A4F7556}") = "WhatsYourIdea.Applications.Hasher", "WhatsYourIdea.Applications.Hasher\WhatsYourIdea.Applications.Hasher.csproj", "{BEA26949-36C4-409B-8503-DCA38C24D7AC}"
EndProject
Project("{9A19103F-16F7-4668-BE54-9A1E7A4F7556}") = "WhatsYourIdea.Common", "WhatsYourIdea.Common\WhatsYourIdea.Common.csproj", "{E2F35267-AAF0-48BD-9A70-832D7F8E406D}"
EndProject
Project("{9A19103F-16F7-4668-BE54-9A1E7A4F7556}") = "GlobalExceptionHandler", "WhatsYourIdea.Application.GlobalExceptionHandler\GlobalExceptionHandler.csproj", "{475AE84F-987D-4B30-9ACA-AA2FAA8BE7BB}"
EndProject
Project("{2150E333-8FDC-42A3-9474-1A3956D46DE8}") = "tests", "tests", "{D2F92264-DFE1-44C7-97C0-0D98099D3D5D}"
EndProject
Project("{FAE04EC0-301F-11D3-BF4B-00C04F79EFBC}") = "WhatsYourIdea.Web.Tests", "WhatsYourIdea.Web.Tests\WhatsYourIdea.Web.Tests.csproj", "{75D1B616-0AC7-4F89-9910-10B27A2878FF}"
EndProject
Global
	GlobalSection(SolutionConfigurationPlatforms) = preSolution
		Debug|Any CPU = Debug|Any CPU
		Release|Any CPU = Release|Any CPU
	EndGlobalSection
	GlobalSection(ProjectConfigurationPlatforms) = postSolution
		{C6CBB003-AE6A-47E5-A62A-A9814B48F1AC}.Debug|Any CPU.ActiveCfg = Debug|Any CPU
		{C6CBB003-AE6A-47E5-A62A-A9814B48F1AC}.Debug|Any CPU.Build.0 = Debug|Any CPU
		{C6CBB003-AE6A-47E5-A62A-A9814B48F1AC}.Release|Any CPU.ActiveCfg = Release|Any CPU
		{C6CBB003-AE6A-47E5-A62A-A9814B48F1AC}.Release|Any CPU.Build.0 = Release|Any CPU
		{C699EC81-2B3A-4EE1-AA4C-42196AA8F468}.Debug|Any CPU.ActiveCfg = Debug|Any CPU
		{C699EC81-2B3A-4EE1-AA4C-42196AA8F468}.Debug|Any CPU.Build.0 = Debug|Any CPU
		{C699EC81-2B3A-4EE1-AA4C-42196AA8F468}.Release|Any CPU.ActiveCfg = Release|Any CPU
		{C699EC81-2B3A-4EE1-AA4C-42196AA8F468}.Release|Any CPU.Build.0 = Release|Any CPU
		{23744F74-779C-4DEB-B8F1-AF92DA5EB58A}.Debug|Any CPU.ActiveCfg = Debug|Any CPU
		{23744F74-779C-4DEB-B8F1-AF92DA5EB58A}.Debug|Any CPU.Build.0 = Debug|Any CPU
		{23744F74-779C-4DEB-B8F1-AF92DA5EB58A}.Release|Any CPU.ActiveCfg = Release|Any CPU
		{23744F74-779C-4DEB-B8F1-AF92DA5EB58A}.Release|Any CPU.Build.0 = Release|Any CPU
		{E87B6783-CDF3-417C-864D-370CA029A0BD}.Debug|Any CPU.ActiveCfg = Debug|Any CPU
		{E87B6783-CDF3-417C-864D-370CA029A0BD}.Debug|Any CPU.Build.0 = Debug|Any CPU
		{E87B6783-CDF3-417C-864D-370CA029A0BD}.Release|Any CPU.ActiveCfg = Release|Any CPU
		{E87B6783-CDF3-417C-864D-370CA029A0BD}.Release|Any CPU.Build.0 = Release|Any CPU
		{80F6AEC7-AEE2-4318-A760-E5196F9F4D42}.Debug|Any CPU.ActiveCfg = Debug|Any CPU
		{80F6AEC7-AEE2-4318-A760-E5196F9F4D42}.Debug|Any CPU.Build.0 = Debug|Any CPU
		{80F6AEC7-AEE2-4318-A760-E5196F9F4D42}.Release|Any CPU.ActiveCfg = Release|Any CPU
		{80F6AEC7-AEE2-4318-A760-E5196F9F4D42}.Release|Any CPU.Build.0 = Release|Any CPU
		{423133EC-22F7-4236-AA9B-5FF431805A01}.Debug|Any CPU.ActiveCfg = Debug|Any CPU
		{423133EC-22F7-4236-AA9B-5FF431805A01}.Debug|Any CPU.Build.0 = Debug|Any CPU
		{423133EC-22F7-4236-AA9B-5FF431805A01}.Release|Any CPU.ActiveCfg = Release|Any CPU
		{423133EC-22F7-4236-AA9B-5FF431805A01}.Release|Any CPU.Build.0 = Release|Any CPU
		{691F5BA0-3E67-4B65-8CD9-E6D940458A22}.Debug|Any CPU.ActiveCfg = Debug|Any CPU
		{691F5BA0-3E67-4B65-8CD9-E6D940458A22}.Debug|Any CPU.Build.0 = Debug|Any CPU
		{691F5BA0-3E67-4B65-8CD9-E6D940458A22}.Release|Any CPU.ActiveCfg = Release|Any CPU
		{691F5BA0-3E67-4B65-8CD9-E6D940458A22}.Release|Any CPU.Build.0 = Release|Any CPU
		{C90DDC62-31EF-4C22-87B0-F146247FBCB6}.Debug|Any CPU.ActiveCfg = Debug|Any CPU
		{C90DDC62-31EF-4C22-87B0-F146247FBCB6}.Debug|Any CPU.Build.0 = Debug|Any CPU
		{C90DDC62-31EF-4C22-87B0-F146247FBCB6}.Release|Any CPU.ActiveCfg = Release|Any CPU
		{C90DDC62-31EF-4C22-87B0-F146247FBCB6}.Release|Any CPU.Build.0 = Release|Any CPU
		{BEA26949-36C4-409B-8503-DCA38C24D7AC}.Debug|Any CPU.ActiveCfg = Debug|Any CPU
		{BEA26949-36C4-409B-8503-DCA38C24D7AC}.Debug|Any CPU.Build.0 = Debug|Any CPU
		{BEA26949-36C4-409B-8503-DCA38C24D7AC}.Release|Any CPU.ActiveCfg = Release|Any CPU
		{BEA26949-36C4-409B-8503-DCA38C24D7AC}.Release|Any CPU.Build.0 = Release|Any CPU
		{E2F35267-AAF0-48BD-9A70-832D7F8E406D}.Debug|Any CPU.ActiveCfg = Debug|Any CPU
		{E2F35267-AAF0-48BD-9A70-832D7F8E406D}.Debug|Any CPU.Build.0 = Debug|Any CPU
		{E2F35267-AAF0-48BD-9A70-832D7F8E406D}.Release|Any CPU.ActiveCfg = Release|Any CPU
		{E2F35267-AAF0-48BD-9A70-832D7F8E406D}.Release|Any CPU.Build.0 = Release|Any CPU
		{475AE84F-987D-4B30-9ACA-AA2FAA8BE7BB}.Debug|Any CPU.ActiveCfg = Debug|Any CPU
		{475AE84F-987D-4B30-9ACA-AA2FAA8BE7BB}.Debug|Any CPU.Build.0 = Debug|Any CPU
		{475AE84F-987D-4B30-9ACA-AA2FAA8BE7BB}.Release|Any CPU.ActiveCfg = Release|Any CPU
		{475AE84F-987D-4B30-9ACA-AA2FAA8BE7BB}.Release|Any CPU.Build.0 = Release|Any CPU
		{75D1B616-0AC7-4F89-9910-10B27A2878FF}.Debug|Any CPU.ActiveCfg = Debug|Any CPU
		{75D1B616-0AC7-4F89-9910-10B27A2878FF}.Debug|Any CPU.Build.0 = Debug|Any CPU
		{75D1B616-0AC7-4F89-9910-10B27A2878FF}.Release|Any CPU.ActiveCfg = Release|Any CPU
		{75D1B616-0AC7-4F89-9910-10B27A2878FF}.Release|Any CPU.Build.0 = Release|Any CPU
	EndGlobalSection
	GlobalSection(SolutionProperties) = preSolution
		HideSolutionNode = FALSE
	EndGlobalSection
	GlobalSection(NestedProjects) = preSolution
		{E87B6783-CDF3-417C-864D-370CA029A0BD} = {DACFF631-F6E2-495D-BF85-630F260C0288}
		{80F6AEC7-AEE2-4318-A760-E5196F9F4D42} = {DACFF631-F6E2-495D-BF85-630F260C0288}
		{E2F35267-AAF0-48BD-9A70-832D7F8E406D} = {DACFF631-F6E2-495D-BF85-630F260C0288}
		{75D1B616-0AC7-4F89-9910-10B27A2878FF} = {D2F92264-DFE1-44C7-97C0-0D98099D3D5D}
	EndGlobalSection
	GlobalSection(ExtensibilityGlobals) = postSolution
		SolutionGuid = {A8FBF7F0-BD30-4F5F-9955-2E7AE8DDE5BF}
	EndGlobalSection
EndGlobal
